<?xml version="1.0" encoding="UTF-8" standalone="yes" ?>
<CodeBlocks_project_file>
	<FileVersion major="1" minor="6" />
	<Project>
		<Option title="tmper_switch" />
		<Option pch_mode="2" />
		<Option compiler="gcc" />
		<Build>
			<Target title="Debug">
				<Option output="bin/Debug/tmper_switch" prefix_auto="1" extension_auto="1" />
				<Option object_output="obj/Debug/" />
				<Option type="1" />
				<Option compiler="gcc" />
				<Compiler>
					<Add option="-g" />
				</Compiler>
			</Target>
			<Target title="Release">
				<Option output="bin/Release/tmper_switch" prefix_auto="1" extension_auto="1" />
				<Option object_output="obj/Release/" />
				<Option type="1" />
				<Option compiler="gcc" />
				<Compiler>
					<Add option="-O2" />
				</Compiler>
				<Linker>
					<Add option="-s" />
				</Linker>
			</Target>
		</Build>
		<Compiler>
			<Add option="-Wall" />
			<Add directory="../lib" />
		</Compiler>
		<Linker>
			<Add library="pthread" />
		</Linker>
		<Unit filename="../lib/SmartHomeM.c">
			<Option compilerVar="CC" />
		</Unit>
		<Unit filename="../lib/SmartHomeM.h" />
		<Unit filename="../lib/piHiPri.c">
			<Option compilerVar="CC" />
		</Unit>
		<Unit filename="../lib/softPwm.c">
			<Option compilerVar="CC" />
		</Unit>
		<Unit filename="../lib/softPwm.h" />
		<Unit filename="../lib/softTone.c">
			<Option compilerVar="CC" />
		</Unit>
		<Unit filename="../lib/softTone.h" />
		<Unit filename="../lib/version.h" />
		<Unit filename="../lib/wiringPi.c">
			<Option compilerVar="CC" />
		</Unit>
		<Unit filename="../lib/wiringPi.h" />
		<Unit filename="../lib/wiringPiI2C.c">
			<Option compilerVar="CC" />
		</Unit>
		<Unit filename="../lib/wiringPiI2C.h" />
		<Unit filename="main.c">
			<Option compilerVar="CC" />
		</Unit>
		<Extensions>
			<code_completion />
			<debugger />
		</Extensions>
	</Project>
</CodeBlocks_project_file>
